{
    "_readme": [
        "This file locks the dependencies of your project to a known state",
        "Read more about it at http://getcomposer.org/doc/01-basic-usage.md#composer-lock-the-lock-file",
        "This file is @generated automatically"
    ],
    "hash": "25b0c727741b62f170c6b1eb0c3b9d40",
    "packages": [
        {
            "name": "lichtner/fluentpdo",
            "version": "dev-master",
            "source": {
                "type": "git",
                "url": "https://github.com/lichtner/fluentpdo.git",
                "reference": "0092fc16dbef345a61ce2c448f98f75c99886b30"
            },
            "dist": {
                "type": "zip",
                "url": "https://api.github.com/repos/lichtner/fluentpdo/zipball/0092fc16dbef345a61ce2c448f98f75c99886b30",
                "reference": "0092fc16dbef345a61ce2c448f98f75c99886b30",
                "shasum": ""
            },
            "type": "library",
            "autoload": {
                "files": [
                    "FluentPDO/FluentPDO.php"
                ]
            },
            "notification-url": "https://packagist.org/downloads/",
            "license": [
                "Apache-2.0",
                "GPL-2.0+"
            ],
            "authors": [
                {
                    "name": "Marek Lichtner",
                    "homepage": "http://licht.sk/"
                }
            ],
            "description": "FluentPDO is small PHP library for rapid query building. Killer feature is smart join builder which generates joins automatically.",
            "homepage": "http://fluentpdo.com/",
            "keywords": [
                "database",
                "dbal",
                "pdo"
            ],
            "time": "2015-04-19 20:15:02"
        },
        {
            "name": "smarty/smarty",
            "version": "v3.1.27",
            "source": {
                "type": "git",
                "url": "https://github.com/smarty-php/smarty.git",
                "reference": "4537d8aae6c4a26f5439bc3a05d3437d25c2c4d2"
            },
            "dist": {
                "type": "zip",
                "url": "https://api.github.com/repos/smarty-php/smarty/zipball/4537d8aae6c4a26f5439bc3a05d3437d25c2c4d2",
                "reference": "4537d8aae6c4a26f5439bc3a05d3437d25c2c4d2",
                "shasum": ""
            },
            "require": {
                "php": ">=5.2"
            },
            "type": "library",
            "extra": {
                "branch-alias": {
                    "dev-master": "3.1.x-dev"
                }
            },
            "autoload": {
                "classmap": [
                    "libs/Smarty.class.php",
                    "libs/SmartyBC.class.php",
                    "libs/sysplugins/"
                ]
            },
            "notification-url": "https://packagist.org/downloads/",
            "license": [
                "LGPL-3.0"
            ],
            "authors": [
                {
                    "name": "Monte Ohrt",
                    "email": "monte@ohrt.com"
                },
                {
                    "name": "Uwe Tews",
                    "email": "uwe.tews@googlemail.com"
                },
                {
                    "name": "Rodney Rehm",
                    "email": "rodney.rehm@medialize.de"
                }
            ],
            "description": "Smarty - the compiling PHP template engine",
            "homepage": "http://www.smarty.net",
            "keywords": [
                "templating"
            ],
            "time": "2015-06-18 00:55:59"
        }
    ],
    "packages-dev": [
        {
            "name": "heroku/heroku-buildpack-php",
            "version": "v83",
            "source": {
                "type": "git",
                "url": "https://github.com/heroku/heroku-buildpack-php.git",
                "reference": "71f0f07375eed9f0e8417d290192e9331cbbb4cd"
            },
            "dist": {
                "type": "zip",
                "url": "https://api.github.com/repos/heroku/heroku-buildpack-php/zipball/71f0f07375eed9f0e8417d290192e9331cbbb4cd",
                "reference": "71f0f07375eed9f0e8417d290192e9331cbbb4cd",
                "shasum": ""
            },
            "bin": [
                "bin/heroku-hhvm-apache2",
                "bin/heroku-hhvm-nginx",
                "bin/heroku-php-apache2",
                "bin/heroku-php-nginx"
            ],
            "type": "library",
            "notification-url": "https://packagist.org/downloads/",
            "license": [
                "MIT"
            ],
            "authors": [
                {
                    "name": "David Zuelke",
                    "email": "dz@heroku.com"
                }
            ],
            "description": "Toolkit for starting a PHP application locally, with or without foreman, using the same config for PHP/HHVM and Apache2/Nginx as on Heroku",
            "homepage": "http://github.com/heroku/heroku-buildpack-php",
            "keywords": [
                "apache",
                "apache2",
                "foreman",
                "heroku",
                "hhvm",
                "nginx",
                "php"
            ],
            "time": "2015-11-16 16:11:11"
        }
    ],
    "aliases": [],
    "minimum-stability": "stable",
    "stability-flags": {
        "lichtner/fluentpdo": 20
    },
    "prefer-stable": false,
    "prefer-lowest": false,
    "platform": {
        "php": "~5.6.0"
    },
    "platform-dev": []
}
